
Microsoft Visual Studio Solution File, Format Version 12.00
# Visual Studio Version 17
VisualStudioVersion = 17.11.35327.3
MinimumVisualStudioVersion = 10.0.40219.1
Project("{FAE04EC0-301F-11D3-BF4B-00C04F79EFBC}") = "E-glasanje", "E-glasanje.csproj", "{9A5B885C-6083-4FEC-B36A-91E8EAA79C78}"
EndProject
Global
	GlobalSection(SolutionConfigurationPlatforms) = preSolution
		Debug|Any CPU = Debug|Any CPU
		Release|Any CPU = Release|Any CPU
	EndGlobalSection
	GlobalSection(ProjectConfigurationPlatforms) = postSolution
		{9A5B885C-6083-4FEC-B36A-91E8EAA79C78}.Debug|Any CPU.ActiveCfg = Debug|Any CPU
		{9A5B885C-6083-4FEC-B36A-91E8EAA79C78}.Debug|Any CPU.Build.0 = Debug|Any CPU
		{9A5B885C-6083-4FEC-B36A-91E8EAA79C78}.Release|Any CPU.ActiveCfg = Release|Any CPU
		{9A5B885C-6083-4FEC-B36A-91E8EAA79C78}.Release|Any CPU.Build.0 = Release|Any CPU
	EndGlobalSection
	GlobalSection(SolutionProperties) = preSolution
		HideSolutionNode = FALSE
	EndGlobalSection
	GlobalSection(ExtensibilityGlobals) = postSolution
		SolutionGuid = {BE0E5323-9BFB-401D-925C-FB999C54B4B3}
	EndGlobalSection
EndGlobal
